
Microsoft Visual Studio Solution File, Format Version 12.00
Project("{FAE04EC0-301F-11D3-BF4B-00C04F79EFBC}") = "EfCorePublicIdDemo", "EfCorePublicIdDemo\EfCorePublicIdDemo.csproj", "{A2D03029-CE0E-4D93-B06B-8F897B8DD178}"
EndProject
Project("{2150E333-8FDC-42A3-9474-1A3956D46DE8}") = "Solution Items", "Solution Items", "{DE28BC44-FA20-4A8B-A920-A8D595F3F588}"
	ProjectSection(SolutionItems) = preProject
		README.md = README.md
	EndProjectSection
EndProject
Global
	GlobalSection(SolutionConfigurationPlatforms) = preSolution
		Debug|Any CPU = Debug|Any CPU
		Release|Any CPU = Release|Any CPU
	EndGlobalSection
	GlobalSection(ProjectConfigurationPlatforms) = postSolution
		{A2D03029-CE0E-4D93-B06B-8F897B8DD178}.Debug|Any CPU.ActiveCfg = Debug|Any CPU
		{A2D03029-CE0E-4D93-B06B-8F897B8DD178}.Debug|Any CPU.Build.0 = Debug|Any CPU
		{A2D03029-CE0E-4D93-B06B-8F897B8DD178}.Release|Any CPU.ActiveCfg = Release|Any CPU
		{A2D03029-CE0E-4D93-B06B-8F897B8DD178}.Release|Any CPU.Build.0 = Release|Any CPU
	EndGlobalSection
EndGlobal
